{
  "version": 4,
  "terraform_version": "1.1.6",
  "serial": 9,
  "lineage": "f94e5ef3-7029-79d9-4e11-70cd61c6c6d0",
  "outputs": {},
  "resources": [
    {
      "mode": "managed",
      "type": "aws_instance",
      "name": "ksr-inst",
      "provider": "provider[\"registry.terraform.io/hashicorp/aws\"]",
      "instances": [
        {
          "schema_version": 1,
          "attributes": {
            "ami": "ami-033b95fb8079dc481",
            "arn": "arn:aws:ec2:us-east-1:289154328210:instance/i-055e8eadba548a2f1",
            "associate_public_ip_address": true,
            "availability_zone": "us-east-1a",
            "capacity_reservation_specification": [
              {
                "capacity_reservation_preference": "open",
                "capacity_reservation_target": []
              }
            ],
            "cpu_core_count": 1,
            "cpu_threads_per_core": 1,
            "credit_specification": [
              {
                "cpu_credits": "standard"
              }
            ],
            "disable_api_termination": false,
            "ebs_block_device": [],
            "ebs_optimized": false,
            "enclave_options": [
              {
                "enabled": false
              }
            ],
            "ephemeral_block_device": [],
            "get_password_data": false,
            "hibernation": false,
            "host_id": null,
            "iam_instance_profile": "",
            "id": "i-055e8eadba548a2f1",
            "instance_initiated_shutdown_behavior": "stop",
            "instance_state": "running",
            "instance_type": "t2.micro",
            "ipv6_address_count": 0,
            "ipv6_addresses": [],
            "key_name": "ksrkey",
            "launch_template": [],
            "metadata_options": [
              {
                "http_endpoint": "enabled",
                "http_put_response_hop_limit": 1,
                "http_tokens": "optional",
                "instance_metadata_tags": "disabled"
              }
            ],
            "monitoring": false,
            "network_interface": [],
            "outpost_arn": "",
            "password_data": "",
            "placement_group": "",
            "placement_partition_number": null,
            "primary_network_interface_id": "eni-0922074c958bfdde2",
            "private_dns": "ip-172-31-1-62.ec2.internal",
            "private_ip": "172.31.1.62",
            "public_dns": "ec2-3-210-183-67.compute-1.amazonaws.com",
            "public_ip": "3.210.183.67",
            "root_block_device": [
              {
                "delete_on_termination": true,
                "device_name": "/dev/xvda",
                "encrypted": false,
                "iops": 100,
                "kms_key_id": "",
                "tags": {},
                "throughput": 0,
                "volume_id": "vol-087cb6da8223fc13b",
                "volume_size": 8,
                "volume_type": "gp2"
              }
            ],
            "secondary_private_ips": [],
            "security_groups": [
              "new-sg"
            ],
            "source_dest_check": true,
            "subnet_id": "subnet-0b7aa75d80cfee9c2",
            "tags": {
              "Name": "new-instance1",
              "Project": "ksr-new"
            },
            "tags_all": {
              "Name": "new-instance1",
              "Project": "ksr-new"
            },
            "tenancy": "default",
            "timeouts": null,
            "user_data": null,
            "user_data_base64": null,
            "volume_tags": null,
            "vpc_security_group_ids": [
              "sg-0ced84288ca636216"
            ]
          },
          "sensitive_attributes": [],
          "private": "eyJlMmJmYjczMC1lY2FhLTExZTYtOGY4OC0zNDM2M2JjN2M0YzAiOnsiY3JlYXRlIjo2MDAwMDAwMDAwMDAsImRlbGV0ZSI6MTIwMDAwMDAwMDAwMCwidXBkYXRlIjo2MDAwMDAwMDAwMDB9LCJzY2hlbWFfdmVyc2lvbiI6IjEifQ=="
        }
      ]
    },
    {
      "mode": "managed",
      "type": "aws_key_pair",
      "name": "ksr1",
      "provider": "provider[\"registry.terraform.io/hashicorp/aws\"]",
      "instances": [
        {
          "schema_version": 1,
          "attributes": {
            "arn": "arn:aws:ec2:us-east-1:289154328210:key-pair/ksrkey",
            "fingerprint": "a8:89:77:a2:8f:90:13:07:1f:fe:88:50:de:58:3c:e6",
            "id": "ksrkey",
            "key_name": "ksrkey",
            "key_name_prefix": "",
            "key_pair_id": "key-0559a3995e1fc519f",
            "public_key": "ssh-rsa AAAAB3NzaC1yc2EAAAADAQABAAABgQC9tMO6cBDTXSdjTjLfXHOzkRUL/dHuOLmPoAA6wM3b65v8nbD+QAYWjcsQ59VOUvVszE4BHjZveGiogbsO7GTSToWyD2Kq7yCPpUnenHzRTx1uN3LNDtRIKPuFqJBT723MO6CzmC5Ivfl2LQ2Iu3TMBbSfcBpnH4asQt9o3k7Qja4DRe4rn2X0th7K3w0FKp17plewm8yMdnUUO2d4G9SQJYw5OAn0rxTczSwlXlU6c92xsHDWBQsMpOLKMKkiPuoaqBgLC4hqOwibf6LyD2ngeANr9gLo5sq5ndhK7gxDDXKkIAKVGUauFWO6Yltsli7qkK2OfTbgVTSqf01A9/QtZvsGv2Eo8DLZcsMNHRyXIne8YcHZ72njR2eR1YaNW1l5Ck4LdMQYitqKLsJlX57wFmt+9P9T5HaRFv+HoZf7aBG2qMNGrM6BA7CouSluji7rMuIqop0q4glo6sbF1eIZprRldbhCir2mdcbX5ti4usi/q6ftEDHmtmCTgQIHJZM= Koya Seetharam@DESKTOP-6AIER6R",
            "tags": null,
            "tags_all": {}
          },
          "sensitive_attributes": [],
          "private": "eyJzY2hlbWFfdmVyc2lvbiI6IjEifQ=="
        }
      ]
    }
  ]
}
